// !$*UTF8*$!
{
	archiveVersion = 1;
	classes = {
	};
	objectVersion = 50;
	objects = {

/* Begin PBXBuildFile section */
		41B5E1B523AC0A820023FC72 /* AppDelegate.swift in Sources */ = {isa = PBXBuildFile; fileRef = 41B5E1B423AC0A820023FC72 /* AppDelegate.swift */; };
		41B5E1BC23AC0A840023FC72 /* Assets.xcassets in Resources */ = {isa = PBXBuildFile; fileRef = 41B5E1BB23AC0A840023FC72 /* Assets.xcassets */; };
		41B5E1BF23AC0A840023FC72 /* LaunchScreen.storyboard in Resources */ = {isa = PBXBuildFile; fileRef = 41B5E1BD23AC0A840023FC72 /* LaunchScreen.storyboard */; };
		41B5E1CA23AC0A840023FC72 /* UMLTaskTests.swift in Sources */ = {isa = PBXBuildFile; fileRef = 41B5E1C923AC0A840023FC72 /* UMLTaskTests.swift */; };
		41B5E1D623AC0B6F0023FC72 /* NetworkClient.swift in Sources */ = {isa = PBXBuildFile; fileRef = 41B5E1D523AC0B6F0023FC72 /* NetworkClient.swift */; };
		41B5E1D823AC0CE60023FC72 /* Endpoint.swift in Sources */ = {isa = PBXBuildFile; fileRef = 41B5E1D723AC0CE60023FC72 /* Endpoint.swift */; };
		41B5E1DA23AC0F790023FC72 /* GithubAPI.swift in Sources */ = {isa = PBXBuildFile; fileRef = 41B5E1D923AC0F790023FC72 /* GithubAPI.swift */; };
		41B5E1DE23AC10510023FC72 /* Constants.swift in Sources */ = {isa = PBXBuildFile; fileRef = 41B5E1DD23AC10510023FC72 /* Constants.swift */; };
		41B5E1E123AC11670023FC72 /* Response.swift in Sources */ = {isa = PBXBuildFile; fileRef = 41B5E1E023AC11670023FC72 /* Response.swift */; };
		41B5E1E323AC152F0023FC72 /* Repository.swift in Sources */ = {isa = PBXBuildFile; fileRef = 41B5E1E223AC152F0023FC72 /* Repository.swift */; };
		41B5E1E723AC254F0023FC72 /* RepositoryDetails.swift in Sources */ = {isa = PBXBuildFile; fileRef = 41B5E1E623AC254F0023FC72 /* RepositoryDetails.swift */; };
		41B5E1EA23AC39BC0023FC72 /* RepositoiesListViewController.swift in Sources */ = {isa = PBXBuildFile; fileRef = 41B5E1E923AC39BC0023FC72 /* RepositoiesListViewController.swift */; };
		41B5E1EC23AC3CFF0023FC72 /* RepositoiesListViewModel.swift in Sources */ = {isa = PBXBuildFile; fileRef = 41B5E1EB23AC3CFF0023FC72 /* RepositoiesListViewModel.swift */; };
/* End PBXBuildFile section */

/* Begin PBXContainerItemProxy section */
		41B5E1C623AC0A840023FC72 /* PBXContainerItemProxy */ = {
			isa = PBXContainerItemProxy;
			containerPortal = 41B5E1A923AC0A820023FC72 /* Project object */;
			proxyType = 1;
			remoteGlobalIDString = 41B5E1B023AC0A820023FC72;
			remoteInfo = UMLTask;
		};
/* End PBXContainerItemProxy section */

/* Begin PBXFileReference section */
		41B5E1B123AC0A820023FC72 /* UMLTask.app */ = {isa = PBXFileReference; explicitFileType = wrapper.application; includeInIndex = 0; path = UMLTask.app; sourceTree = BUILT_PRODUCTS_DIR; };
		41B5E1B423AC0A820023FC72 /* AppDelegate.swift */ = {isa = PBXFileReference; lastKnownFileType = sourcecode.swift; path = AppDelegate.swift; sourceTree = "<group>"; };
		41B5E1BB23AC0A840023FC72 /* Assets.xcassets */ = {isa = PBXFileReference; lastKnownFileType = folder.assetcatalog; path = Assets.xcassets; sourceTree = "<group>"; };
		41B5E1BE23AC0A840023FC72 /* Base */ = {isa = PBXFileReference; lastKnownFileType = file.storyboard; name = Base; path = Base.lproj/LaunchScreen.storyboard; sourceTree = "<group>"; };
		41B5E1C023AC0A840023FC72 /* Info.plist */ = {isa = PBXFileReference; lastKnownFileType = text.plist.xml; path = Info.plist; sourceTree = "<group>"; };
		41B5E1C523AC0A840023FC72 /* UMLTaskTests.xctest */ = {isa = PBXFileReference; explicitFileType = wrapper.cfbundle; includeInIndex = 0; path = UMLTaskTests.xctest; sourceTree = BUILT_PRODUCTS_DIR; };
		41B5E1C923AC0A840023FC72 /* UMLTaskTests.swift */ = {isa = PBXFileReference; lastKnownFileType = sourcecode.swift; path = UMLTaskTests.swift; sourceTree = "<group>"; };
		41B5E1CB23AC0A840023FC72 /* Info.plist */ = {isa = PBXFileReference; lastKnownFileType = text.plist.xml; path = Info.plist; sourceTree = "<group>"; };
		41B5E1D523AC0B6F0023FC72 /* NetworkClient.swift */ = {isa = PBXFileReference; lastKnownFileType = sourcecode.swift; path = NetworkClient.swift; sourceTree = "<group>"; };
		41B5E1D723AC0CE60023FC72 /* Endpoint.swift */ = {isa = PBXFileReference; lastKnownFileType = sourcecode.swift; path = Endpoint.swift; sourceTree = "<group>"; };
		41B5E1D923AC0F790023FC72 /* GithubAPI.swift */ = {isa = PBXFileReference; lastKnownFileType = sourcecode.swift; path = GithubAPI.swift; sourceTree = "<group>"; };
		41B5E1DD23AC10510023FC72 /* Constants.swift */ = {isa = PBXFileReference; lastKnownFileType = sourcecode.swift; path = Constants.swift; sourceTree = "<group>"; };
		41B5E1E023AC11670023FC72 /* Response.swift */ = {isa = PBXFileReference; lastKnownFileType = sourcecode.swift; path = Response.swift; sourceTree = "<group>"; };
		41B5E1E223AC152F0023FC72 /* Repository.swift */ = {isa = PBXFileReference; lastKnownFileType = sourcecode.swift; path = Repository.swift; sourceTree = "<group>"; };
		41B5E1E623AC254F0023FC72 /* RepositoryDetails.swift */ = {isa = PBXFileReference; lastKnownFileType = sourcecode.swift; path = RepositoryDetails.swift; sourceTree = "<group>"; };
		41B5E1E923AC39BC0023FC72 /* RepositoiesListViewController.swift */ = {isa = PBXFileReference; lastKnownFileType = sourcecode.swift; path = RepositoiesListViewController.swift; sourceTree = "<group>"; };
		41B5E1EB23AC3CFF0023FC72 /* RepositoiesListViewModel.swift */ = {isa = PBXFileReference; lastKnownFileType = sourcecode.swift; path = RepositoiesListViewModel.swift; sourceTree = "<group>"; };
/* End PBXFileReference section */

/* Begin PBXFrameworksBuildPhase section */
		41B5E1AE23AC0A820023FC72 /* Frameworks */ = {
			isa = PBXFrameworksBuildPhase;
			buildActionMask = 2147483647;
			files = (
			);
			runOnlyForDeploymentPostprocessing = 0;
		};
		41B5E1C223AC0A840023FC72 /* Frameworks */ = {
			isa = PBXFrameworksBuildPhase;
			buildActionMask = 2147483647;
			files = (
			);
			runOnlyForDeploymentPostprocessing = 0;
		};
/* End PBXFrameworksBuildPhase section */

/* Begin PBXGroup section */
		41B5E1A823AC0A820023FC72 = {
			isa = PBXGroup;
			children = (
				41B5E1B323AC0A820023FC72 /* UMLTask */,
				41B5E1C823AC0A840023FC72 /* UMLTaskTests */,
				41B5E1B223AC0A820023FC72 /* Products */,
			);
			sourceTree = "<group>";
		};
		41B5E1B223AC0A820023FC72 /* Products */ = {
			isa = PBXGroup;
			children = (
				41B5E1B123AC0A820023FC72 /* UMLTask.app */,
				41B5E1C523AC0A840023FC72 /* UMLTaskTests.xctest */,
			);
			name = Products;
			sourceTree = "<group>";
		};
		41B5E1B323AC0A820023FC72 /* UMLTask */ = {
			isa = PBXGroup;
			children = (
				41B5E1E823AC398B0023FC72 /* View */,
				41B5E1DF23AC11570023FC72 /* Model */,
				41B5E1DB23AC10300023FC72 /* Utilities */,
				41B5E1D423AC0B3E0023FC72 /* Networking */,
				41B5E1B423AC0A820023FC72 /* AppDelegate.swift */,
				41B5E1BB23AC0A840023FC72 /* Assets.xcassets */,
				41B5E1BD23AC0A840023FC72 /* LaunchScreen.storyboard */,
				41B5E1C023AC0A840023FC72 /* Info.plist */,
			);
			path = UMLTask;
			sourceTree = "<group>";
		};
		41B5E1C823AC0A840023FC72 /* UMLTaskTests */ = {
			isa = PBXGroup;
			children = (
				41B5E1C923AC0A840023FC72 /* UMLTaskTests.swift */,
				41B5E1CB23AC0A840023FC72 /* Info.plist */,
			);
			path = UMLTaskTests;
			sourceTree = "<group>";
		};
		41B5E1D423AC0B3E0023FC72 /* Networking */ = {
			isa = PBXGroup;
			children = (
				41B5E1D523AC0B6F0023FC72 /* NetworkClient.swift */,
				41B5E1D723AC0CE60023FC72 /* Endpoint.swift */,
				41B5E1D923AC0F790023FC72 /* GithubAPI.swift */,
			);
			path = Networking;
			sourceTree = "<group>";
		};
		41B5E1DB23AC10300023FC72 /* Utilities */ = {
			isa = PBXGroup;
			children = (
				41B5E1DD23AC10510023FC72 /* Constants.swift */,
			);
			path = Utilities;
			sourceTree = "<group>";
		};
		41B5E1DF23AC11570023FC72 /* Model */ = {
			isa = PBXGroup;
			children = (
				41B5E1E023AC11670023FC72 /* Response.swift */,
				41B5E1E223AC152F0023FC72 /* Repository.swift */,
				41B5E1E623AC254F0023FC72 /* RepositoryDetails.swift */,
			);
			path = Model;
			sourceTree = "<group>";
		};
		41B5E1E823AC398B0023FC72 /* View */ = {
			isa = PBXGroup;
			children = (
				41B5E1E923AC39BC0023FC72 /* RepositoiesListViewController.swift */,
				41B5E1EB23AC3CFF0023FC72 /* RepositoiesListViewModel.swift */,
			);
			path = View;
			sourceTree = "<group>";
		};
/* End PBXGroup section */

/* Begin PBXNativeTarget section */
		41B5E1B023AC0A820023FC72 /* UMLTask */ = {
			isa = PBXNativeTarget;
			buildConfigurationList = 41B5E1CE23AC0A840023FC72 /* Build configuration list for PBXNativeTarget "UMLTask" */;
			buildPhases = (
				41B5E1AD23AC0A820023FC72 /* Sources */,
				41B5E1AE23AC0A820023FC72 /* Frameworks */,
				41B5E1AF23AC0A820023FC72 /* Resources */,
			);
			buildRules = (
			);
			dependencies = (
			);
			name = UMLTask;
			productName = UMLTask;
			productReference = 41B5E1B123AC0A820023FC72 /* UMLTask.app */;
			productType = "com.apple.product-type.application";
		};
		41B5E1C423AC0A840023FC72 /* UMLTaskTests */ = {
			isa = PBXNativeTarget;
			buildConfigurationList = 41B5E1D123AC0A840023FC72 /* Build configuration list for PBXNativeTarget "UMLTaskTests" */;
			buildPhases = (
				41B5E1C123AC0A840023FC72 /* Sources */,
				41B5E1C223AC0A840023FC72 /* Frameworks */,
				41B5E1C323AC0A840023FC72 /* Resources */,
			);
			buildRules = (
			);
			dependencies = (
				41B5E1C723AC0A840023FC72 /* PBXTargetDependency */,
			);
			name = UMLTaskTests;
			productName = UMLTaskTests;
			productReference = 41B5E1C523AC0A840023FC72 /* UMLTaskTests.xctest */;
			productType = "com.apple.product-type.bundle.unit-test";
		};
/* End PBXNativeTarget section */

/* Begin PBXProject section */
		41B5E1A923AC0A820023FC72 /* Project object */ = {
			isa = PBXProject;
			attributes = {
				LastSwiftUpdateCheck = 1010;
				LastUpgradeCheck = 1010;
				ORGANIZATIONNAME = "Ali Kabel";
				TargetAttributes = {
					41B5E1B023AC0A820023FC72 = {
						CreatedOnToolsVersion = 10.1;
					};
					41B5E1C423AC0A840023FC72 = {
						CreatedOnToolsVersion = 10.1;
						TestTargetID = 41B5E1B023AC0A820023FC72;
					};
				};
			};
			buildConfigurationList = 41B5E1AC23AC0A820023FC72 /* Build configuration list for PBXProject "UMLTask" */;
			compatibilityVersion = "Xcode 9.3";
			developmentRegion = en;
			hasScannedForEncodings = 0;
			knownRegions = (
				en,
				Base,
			);
			mainGroup = 41B5E1A823AC0A820023FC72;
			productRefGroup = 41B5E1B223AC0A820023FC72 /* Products */;
			projectDirPath = "";
			projectRoot = "";
			targets = (
				41B5E1B023AC0A820023FC72 /* UMLTask */,
				41B5E1C423AC0A840023FC72 /* UMLTaskTests */,
			);
		};
/* End PBXProject section */

/* Begin PBXResourcesBuildPhase section */
		41B5E1AF23AC0A820023FC72 /* Resources */ = {
			isa = PBXResourcesBuildPhase;
			buildActionMask = 2147483647;
			files = (
				41B5E1BF23AC0A840023FC72 /* LaunchScreen.storyboard in Resources */,
				41B5E1BC23AC0A840023FC72 /* Assets.xcassets in Resources */,
			);
			runOnlyForDeploymentPostprocessing = 0;
		};
		41B5E1C323AC0A840023FC72 /* Resources */ = {
			isa = PBXResourcesBuildPhase;
			buildActionMask = 2147483647;
			files = (
			);
			runOnlyForDeploymentPostprocessing = 0;
		};
/* End PBXResourcesBuildPhase section */

/* Begin PBXSourcesBuildPhase section */
		41B5E1AD23AC0A820023FC72 /* Sources */ = {
			isa = PBXSourcesBuildPhase;
			buildActionMask = 2147483647;
			files = (
				41B5E1DA23AC0F790023FC72 /* GithubAPI.swift in Sources */,
				41B5E1B523AC0A820023FC72 /* AppDelegate.swift in Sources */,
				41B5E1EC23AC3CFF0023FC72 /* RepositoiesListViewModel.swift in Sources */,
				41B5E1E323AC152F0023FC72 /* Repository.swift in Sources */,
				41B5E1D823AC0CE60023FC72 /* Endpoint.swift in Sources */,
				41B5E1E723AC254F0023FC72 /* RepositoryDetails.swift in Sources */,
				41B5E1EA23AC39BC0023FC72 /* RepositoiesListViewController.swift in Sources */,
				41B5E1D623AC0B6F0023FC72 /* NetworkClient.swift in Sources */,
				41B5E1DE23AC10510023FC72 /* Constants.swift in Sources */,
				41B5E1E123AC11670023FC72 /* Response.swift in Sources */,
			);
			runOnlyForDeploymentPostprocessing = 0;
		};
		41B5E1C123AC0A840023FC72 /* Sources */ = {
			isa = PBXSourcesBuildPhase;
			buildActionMask = 2147483647;
			files = (
				41B5E1CA23AC0A840023FC72 /* UMLTaskTests.swift in Sources */,
			);
			runOnlyForDeploymentPostprocessing = 0;
		};
/* End PBXSourcesBuildPhase section */

/* Begin PBXTargetDependency section */
		41B5E1C723AC0A840023FC72 /* PBXTargetDependency */ = {
			isa = PBXTargetDependency;
			target = 41B5E1B023AC0A820023FC72 /* UMLTask */;
			targetProxy = 41B5E1C623AC0A840023FC72 /* PBXContainerItemProxy */;
		};
/* End PBXTargetDependency section */

/* Begin PBXVariantGroup section */
		41B5E1BD23AC0A840023FC72 /* LaunchScreen.storyboard */ = {
			isa = PBXVariantGroup;
			children = (
				41B5E1BE23AC0A840023FC72 /* Base */,
			);
			name = LaunchScreen.storyboard;
			sourceTree = "<group>";
		};
/* End PBXVariantGroup section */

/* Begin XCBuildConfiguration section */
		41B5E1CC23AC0A840023FC72 /* Debug */ = {
			isa = XCBuildConfiguration;
			buildSettings = {
				ALWAYS_SEARCH_USER_PATHS = NO;
				CLANG_ANALYZER_NONNULL = YES;
				CLANG_ANALYZER_NUMBER_OBJECT_CONVERSION = YES_AGGRESSIVE;
				CLANG_CXX_LANGUAGE_STANDARD = "gnu++14";
				CLANG_CXX_LIBRARY = "libc++";
				CLANG_ENABLE_MODULES = YES;
				CLANG_ENABLE_OBJC_ARC = YES;
				CLANG_ENABLE_OBJC_WEAK = YES;
				CLANG_WARN_BLOCK_CAPTURE_AUTORELEASING = YES;
				CLANG_WARN_BOOL_CONVERSION = YES;
				CLANG_WARN_COMMA = YES;
				CLANG_WARN_CONSTANT_CONVERSION = YES;
				CLANG_WARN_DEPRECATED_OBJC_IMPLEMENTATIONS = YES;
				CLANG_WARN_DIRECT_OBJC_ISA_USAGE = YES_ERROR;
				CLANG_WARN_DOCUMENTATION_COMMENTS = YES;
				CLANG_WARN_EMPTY_BODY = YES;
				CLANG_WARN_ENUM_CONVERSION = YES;
				CLANG_WARN_INFINITE_RECURSION = YES;
				CLANG_WARN_INT_CONVERSION = YES;
				CLANG_WARN_NON_LITERAL_NULL_CONVERSION = YES;
				CLANG_WARN_OBJC_IMPLICIT_RETAIN_SELF = YES;
				CLANG_WARN_OBJC_LITERAL_CONVERSION = YES;
				CLANG_WARN_OBJC_ROOT_CLASS = YES_ERROR;
				CLANG_WARN_RANGE_LOOP_ANALYSIS = YES;
				CLANG_WARN_STRICT_PROTOTYPES = YES;
				CLANG_WARN_SUSPICIOUS_MOVE = YES;
				CLANG_WARN_UNGUARDED_AVAILABILITY = YES_AGGRESSIVE;
				CLANG_WARN_UNREACHABLE_CODE = YES;
				CLANG_WARN__DUPLICATE_METHOD_MATCH = YES;
				CODE_SIGN_IDENTITY = "iPhone Developer";
				COPY_PHASE_STRIP = NO;
				DEBUG_INFORMATION_FORMAT = dwarf;
				ENABLE_STRICT_OBJC_MSGSEND = YES;
				ENABLE_TESTABILITY = YES;
				GCC_C_LANGUAGE_STANDARD = gnu11;
				GCC_DYNAMIC_NO_PIC = NO;
				GCC_NO_COMMON_BLOCKS = YES;
				GCC_OPTIMIZATION_LEVEL = 0;
				GCC_PREPROCESSOR_DEFINITIONS = (
					"DEBUG=1",
					"$(inherited)",
				);
				GCC_WARN_64_TO_32_BIT_CONVERSION = YES;
				GCC_WARN_ABOUT_RETURN_TYPE = YES_ERROR;
				GCC_WARN_UNDECLARED_SELECTOR = YES;
				GCC_WARN_UNINITIALIZED_AUTOS = YES_AGGRESSIVE;
				GCC_WARN_UNUSED_FUNCTION = YES;
				GCC_WARN_UNUSED_VARIABLE = YES;
				IPHONEOS_DEPLOYMENT_TARGET = 12.1;
				MTL_ENABLE_DEBUG_INFO = INCLUDE_SOURCE;
				MTL_FAST_MATH = YES;
				ONLY_ACTIVE_ARCH = YES;
				SDKROOT = iphoneos;
				SWIFT_ACTIVE_COMPILATION_CONDITIONS = DEBUG;
				SWIFT_OPTIMIZATION_LEVEL = "-Onone";
			};
			name = Debug;
		};
		41B5E1CD23AC0A840023FC72 /* Release */ = {
			isa = XCBuildConfiguration;
			buildSettings = {
				ALWAYS_SEARCH_USER_PATHS = NO;
				CLANG_ANALYZER_NONNULL = YES;
				CLANG_ANALYZER_NUMBER_OBJECT_CONVERSION = YES_AGGRESSIVE;
				CLANG_CXX_LANGUAGE_STANDARD = "gnu++14";
				CLANG_CXX_LIBRARY = "libc++";
				CLANG_ENABLE_MODULES = YES;
				CLANG_ENABLE_OBJC_ARC = YES;
				CLANG_ENABLE_OBJC_WEAK = YES;
				CLANG_WARN_BLOCK_CAPTURE_AUTORELEASING = YES;
				CLANG_WARN_BOOL_CONVERSION = YES;
				CLANG_WARN_COMMA = YES;
				CLANG_WARN_CONSTANT_CONVERSION = YES;
				CLANG_WARN_DEPRECATED_OBJC_IMPLEMENTATIONS = YES;
				CLANG_WARN_DIRECT_OBJC_ISA_USAGE = YES_ERROR;
				CLANG_WARN_DOCUMENTATION_COMMENTS = YES;
				CLANG_WARN_EMPTY_BODY = YES;
				CLANG_WARN_ENUM_CONVERSION = YES;
				CLANG_WARN_INFINITE_RECURSION = YES;
				CLANG_WARN_INT_CONVERSION = YES;
				CLANG_WARN_NON_LITERAL_NULL_CONVERSION = YES;
				CLANG_WARN_OBJC_IMPLICIT_RETAIN_SELF = YES;
				CLANG_WARN_OBJC_LITERAL_CONVERSION = YES;
				CLANG_WARN_OBJC_ROOT_CLASS = YES_ERROR;
				CLANG_WARN_RANGE_LOOP_ANALYSIS = YES;
				CLANG_WARN_STRICT_PROTOTYPES = YES;
				CLANG_WARN_SUSPICIOUS_MOVE = YES;
				CLANG_WARN_UNGUARDED_AVAILABILITY = YES_AGGRESSIVE;
				CLANG_WARN_UNREACHABLE_CODE = YES;
				CLANG_WARN__DUPLICATE_METHOD_MATCH = YES;
				CODE_SIGN_IDENTITY = "iPhone Developer";
				COPY_PHASE_STRIP = NO;
				DEBUG_INFORMATION_FORMAT = "dwarf-with-dsym";
				ENABLE_NS_ASSERTIONS = NO;
				ENABLE_STRICT_OBJC_MSGSEND = YES;
				GCC_C_LANGUAGE_STANDARD = gnu11;
				GCC_NO_COMMON_BLOCKS = YES;
				GCC_WARN_64_TO_32_BIT_CONVERSION = YES;
				GCC_WARN_ABOUT_RETURN_TYPE = YES_ERROR;
				GCC_WARN_UNDECLARED_SELECTOR = YES;
				GCC_WARN_UNINITIALIZED_AUTOS = YES_AGGRESSIVE;
				GCC_WARN_UNUSED_FUNCTION = YES;
				GCC_WARN_UNUSED_VARIABLE = YES;
				IPHONEOS_DEPLOYMENT_TARGET = 12.1;
				MTL_ENABLE_DEBUG_INFO = NO;
				MTL_FAST_MATH = YES;
				SDKROOT = iphoneos;
				SWIFT_COMPILATION_MODE = wholemodule;
				SWIFT_OPTIMIZATION_LEVEL = "-O";
				VALIDATE_PRODUCT = YES;
			};
			name = Release;
		};
		41B5E1CF23AC0A840023FC72 /* Debug */ = {
			isa = XCBuildConfiguration;
			buildSettings = {
				ASSETCATALOG_COMPILER_APPICON_NAME = AppIcon;
				CODE_SIGN_STYLE = Automatic;
				INFOPLIST_FILE = UMLTask/Info.plist;
				LD_RUNPATH_SEARCH_PATHS = (
					"$(inherited)",
					"@executable_path/Frameworks",
				);
				PRODUCT_BUNDLE_IDENTIFIER = Ali.UMLTask;
				PRODUCT_NAME = "$(TARGET_NAME)";
				SWIFT_VERSION = 4.2;
				TARGETED_DEVICE_FAMILY = 1;
			};
			name = Debug;
		};
		41B5E1D023AC0A840023FC72 /* Release */ = {
			isa = XCBuildConfiguration;
			buildSettings = {
				ASSETCATALOG_COMPILER_APPICON_NAME = AppIcon;
				CODE_SIGN_STYLE = Automatic;
				INFOPLIST_FILE = UMLTask/Info.plist;
				LD_RUNPATH_SEARCH_PATHS = (
					"$(inherited)",
					"@executable_path/Frameworks",
				);
				PRODUCT_BUNDLE_IDENTIFIER = Ali.UMLTask;
				PRODUCT_NAME = "$(TARGET_NAME)";
				SWIFT_VERSION = 4.2;
				TARGETED_DEVICE_FAMILY = 1;
			};
			name = Release;
		};
		41B5E1D223AC0A840023FC72 /* Debug */ = {
			isa = XCBuildConfiguration;
			buildSettings = {
				ALWAYS_EMBED_SWIFT_STANDARD_LIBRARIES = YES;
				BUNDLE_LOADER = "$(TEST_HOST)";
				CODE_SIGN_STYLE = Automatic;
				INFOPLIST_FILE = UMLTaskTests/Info.plist;
				LD_RUNPATH_SEARCH_PATHS = (
					"$(inherited)",
					"@executable_path/Frameworks",
					"@loader_path/Frameworks",
				);
				PRODUCT_BUNDLE_IDENTIFIER = Ali.UMLTaskTests;
				PRODUCT_NAME = "$(TARGET_NAME)";
				SWIFT_VERSION = 4.2;
				TARGETED_DEVICE_FAMILY = "1,2";
				TEST_HOST = "$(BUILT_PRODUCTS_DIR)/UMLTask.app/UMLTask";
			};
			name = Debug;
		};
		41B5E1D323AC0A840023FC72 /* Release */ = {
			isa = XCBuildConfiguration;
			buildSettings = {
				ALWAYS_EMBED_SWIFT_STANDARD_LIBRARIES = YES;
				BUNDLE_LOADER = "$(TEST_HOST)";
				CODE_SIGN_STYLE = Automatic;
				INFOPLIST_FILE = UMLTaskTests/Info.plist;
				LD_RUNPATH_SEARCH_PATHS = (
					"$(inherited)",
					"@executable_path/Frameworks",
					"@loader_path/Frameworks",
				);
				PRODUCT_BUNDLE_IDENTIFIER = Ali.UMLTaskTests;
				PRODUCT_NAME = "$(TARGET_NAME)";
				SWIFT_VERSION = 4.2;
				TARGETED_DEVICE_FAMILY = "1,2";
				TEST_HOST = "$(BUILT_PRODUCTS_DIR)/UMLTask.app/UMLTask";
			};
			name = Release;
		};
/* End XCBuildConfiguration section */

/* Begin XCConfigurationList section */
		41B5E1AC23AC0A820023FC72 /* Build configuration list for PBXProject "UMLTask" */ = {
			isa = XCConfigurationList;
			buildConfigurations = (
				41B5E1CC23AC0A840023FC72 /* Debug */,
				41B5E1CD23AC0A840023FC72 /* Release */,
			);
			defaultConfigurationIsVisible = 0;
			defaultConfigurationName = Release;
		};
		41B5E1CE23AC0A840023FC72 /* Build configuration list for PBXNativeTarget "UMLTask" */ = {
			isa = XCConfigurationList;
			buildConfigurations = (
				41B5E1CF23AC0A840023FC72 /* Debug */,
				41B5E1D023AC0A840023FC72 /* Release */,
			);
			defaultConfigurationIsVisible = 0;
			defaultConfigurationName = Release;
		};
		41B5E1D123AC0A840023FC72 /* Build configuration list for PBXNativeTarget "UMLTaskTests" */ = {
			isa = XCConfigurationList;
			buildConfigurations = (
				41B5E1D223AC0A840023FC72 /* Debug */,
				41B5E1D323AC0A840023FC72 /* Release */,
			);
			defaultConfigurationIsVisible = 0;
			defaultConfigurationName = Release;
		};
/* End XCConfigurationList section */
	};
	rootObject = 41B5E1A923AC0A820023FC72 /* Project object */;
}
